<?xml version="1.0" encoding="utf-8"?>
<Project ToolsVersion="4.0" xmlns="http://schemas.microsoft.com/developer/msbuild/2003">
  <ItemGroup>
    <Filter Include="Source Files">
      <UniqueIdentifier>{4FC737F1-C7A5-4376-A066-2A32D752A2FF}</UniqueIdentifier>
    </Filter>
    <Filter Include="Source Files\Core">
      <UniqueIdentifier>{a893dabb-45f3-4475-a1b6-822364dec9e6}</UniqueIdentifier>
    </Filter>
    <Filter Include="Source Files\Core\Kernel">
      <UniqueIdentifier>{07d8fa7c-5a44-4af3-a329-56d554e785ac}</UniqueIdentifier>
    </Filter>
    <Filter Include="Source Files\Core\System">
      <UniqueIdentifier>{2e73f866-e054-4b41-b375-a3f6af049115}</UniqueIdentifier>
    </Filter>
    <Filter Include="Source Files\Core\System\StdAfx">
      <UniqueIdentifier>{190f89d7-7461-45a6-bec9-9a9922a4d1a4}</UniqueIdentifier>
    </Filter>
    <Filter Include="Source Files\Core\System\Debug">
      <UniqueIdentifier>{6412af99-021c-47cf-9131-353926e50354}</UniqueIdentifier>
    </Filter>
    <Filter Include="Source Files\Core\System\Functions">
      <UniqueIdentifier>{7b0eab6c-2ced-4ac9-adae-e420f4364e99}</UniqueIdentifier>
    </Filter>
    <Filter Include="Source Files\Graphics">
      <UniqueIdentifier>{fe9b687e-e172-40f4-9f00-7a7bb38fe98e}</UniqueIdentifier>
    </Filter>
    <Filter Include="Source Files\Graphics\Window">
      <UniqueIdentifier>{9a22f22a-6d87-4b52-9dc6-310d78e96492}</UniqueIdentifier>
    </Filter>
    <Filter Include="Source Files\Core\System\Constants">
      <UniqueIdentifier>{18eabe28-ff98-443d-a8cc-9334fff4c2e0}</UniqueIdentifier>
    </Filter>
    <Filter Include="Source Files\Graphics\Shaders">
      <UniqueIdentifier>{700014b7-5c5a-49e5-a113-53463740e2e7}</UniqueIdentifier>
    </Filter>
    <Filter Include="Source Files\Graphics\Shaders\ShadersManager">
      <UniqueIdentifier>{27e832c2-0e21-40e9-8e81-28bd9c00a0e3}</UniqueIdentifier>
    </Filter>
    <Filter Include="Source Files\Graphics\Texture">
      <UniqueIdentifier>{37c75f48-f3e2-4eba-bb7a-ef41bf2aaecb}</UniqueIdentifier>
    </Filter>
    <Filter Include="Source Files\Graphics\Render">
      <UniqueIdentifier>{49c6f2c3-f35a-4f17-bd4c-d0caa9404083}</UniqueIdentifier>
    </Filter>
    <Filter Include="Source Files\Graphics\Render\VBO">
      <UniqueIdentifier>{0ae4cb79-a293-4e23-b4aa-3bb96a2a588f}</UniqueIdentifier>
    </Filter>
    <Filter Include="Source Files\Graphics\Render\Target">
      <UniqueIdentifier>{2a99d679-53c3-4213-addf-94618b508342}</UniqueIdentifier>
    </Filter>
    <Filter Include="Source Files\Graphics\ViewPoint">
      <UniqueIdentifier>{d3bd2399-d707-4e3f-af14-d312e4af240c}</UniqueIdentifier>
    </Filter>
    <Filter Include="Source Files\Sound">
      <UniqueIdentifier>{a7785379-b47f-4952-a86c-3a6c79a8b9d5}</UniqueIdentifier>
    </Filter>
    <Filter Include="Source Files\Sound\Target">
      <UniqueIdentifier>{813d567c-a891-4b05-b455-84a569cfdca7}</UniqueIdentifier>
    </Filter>
    <Filter Include="Resource Files">
      <UniqueIdentifier>{7bdfa66c-4ca1-4ad4-8b3a-884c85f297a2}</UniqueIdentifier>
    </Filter>
    <Filter Include="Source Files\Core\Keyboard">
      <UniqueIdentifier>{629efca0-f02f-43a5-8045-2eb37320a74a}</UniqueIdentifier>
    </Filter>
    <Filter Include="Source Files\Core\Keyboard\Manager">
      <UniqueIdentifier>{fe7107ae-086e-4351-9aa1-4ed7cc9acd59}</UniqueIdentifier>
    </Filter>
    <Filter Include="SDK">
      <UniqueIdentifier>{aeaf0d8d-560a-4c9c-9ff7-a63f080bd6c3}</UniqueIdentifier>
    </Filter>
    <Filter Include="SDK\TinyXML2">
      <UniqueIdentifier>{7a86c163-e019-454a-b709-1c3f84eeba76}</UniqueIdentifier>
    </Filter>
  </ItemGroup>
  <ItemGroup>
    <ClCompile Include="EntryPoint.cpp">
      <Filter>Source Files\Core\Kernel</Filter>
    </ClCompile>
    <ClCompile Include="Kernel.cpp">
      <Filter>Source Files\Core\Kernel</Filter>
    </ClCompile>
    <ClCompile Include="StdAfx.cpp">
      <Filter>Source Files\Core\System\StdAfx</Filter>
    </ClCompile>
    <ClCompile Include="Debug.cpp">
      <Filter>Source Files\Core\System\Debug</Filter>
    </ClCompile>
    <ClCompile Include="Window.cpp">
      <Filter>Source Files\Graphics\Window</Filter>
    </ClCompile>
    <ClCompile Include="ShadersManager.cpp">
      <Filter>Source Files\Graphics\Shaders\ShadersManager</Filter>
    </ClCompile>
    <ClCompile Include="Texture.cpp">
      <Filter>Source Files\Graphics\Texture</Filter>
    </ClCompile>
    <ClCompile Include="RenderTarget.cpp">
      <Filter>Source Files\Graphics\Render\Target</Filter>
    </ClCompile>
    <ClCompile Include="VBO.cpp">
      <Filter>Source Files\Graphics\Render\VBO</Filter>
    </ClCompile>
    <ClCompile Include="ViewPoint.cpp">
      <Filter>Source Files\Graphics\ViewPoint</Filter>
    </ClCompile>
    <ClCompile Include="SoundTarget.cpp">
      <Filter>Source Files\Sound\Target</Filter>
    </ClCompile>
    <ClCompile Include="KernelEvents.cpp">
      <Filter>Source Files\Core\Kernel</Filter>
    </ClCompile>
    <ClCompile Include="KeyboardManager.cpp">
      <Filter>Source Files\Core\Keyboard\Manager</Filter>
    </ClCompile>
    <ClCompile Include="..\SDK\TinyXML2\include\TinyXML2.cpp">
      <Filter>SDK\TinyXML2</Filter>
    </ClCompile>
  </ItemGroup>
  <ItemGroup>
    <ClInclude Include="Kernel.h">
      <Filter>Source Files\Core\Kernel</Filter>
    </ClInclude>
    <ClInclude Include="StdAfx.h">
      <Filter>Source Files\Core\System\StdAfx</Filter>
    </ClInclude>
    <ClInclude Include="Debug.h">
      <Filter>Source Files\Core\System\Debug</Filter>
    </ClInclude>
    <ClInclude Include="FunctionsFilesystem.h">
      <Filter>Source Files\Core\System\Functions</Filter>
    </ClInclude>
    <ClInclude Include="FunctionsStrings.h">
      <Filter>Source Files\Core\System\Functions</Filter>
    </ClInclude>
    <ClInclude Include="DebugMacros.h">
      <Filter>Source Files\Core\System\Debug</Filter>
    </ClInclude>
    <ClInclude Include="Window.h">
      <Filter>Source Files\Graphics\Window</Filter>
    </ClInclude>
    <ClInclude Include="SystemConstants.h">
      <Filter>Source Files\Core\System\Constants</Filter>
    </ClInclude>
    <ClInclude Include="ShadersManager.h">
      <Filter>Source Files\Graphics\Shaders\ShadersManager</Filter>
    </ClInclude>
    <ClInclude Include="Texture.h">
      <Filter>Source Files\Graphics\Texture</Filter>
    </ClInclude>
    <ClInclude Include="RenderTarget.h">
      <Filter>Source Files\Graphics\Render\Target</Filter>
    </ClInclude>
    <ClInclude Include="VBO.h">
      <Filter>Source Files\Graphics\Render\VBO</Filter>
    </ClInclude>
    <ClInclude Include="ViewPoint.h">
      <Filter>Source Files\Graphics\ViewPoint</Filter>
    </ClInclude>
    <ClInclude Include="SoundTarget.h">
      <Filter>Source Files\Sound\Target</Filter>
    </ClInclude>
    <ClInclude Include="Resource.h">
      <Filter>Resource Files</Filter>
    </ClInclude>
    <ClInclude Include="KeyboardManager.h">
      <Filter>Source Files\Core\Keyboard\Manager</Filter>
    </ClInclude>
    <ClInclude Include="..\SDK\TinyXML2\include\TinyXML2.h">
      <Filter>SDK\TinyXML2</Filter>
    </ClInclude>
    <ClInclude Include="..\SDK\TinyXML2\include\TinyXML2_Additional.h">
      <Filter>SDK\TinyXML2</Filter>
    </ClInclude>
  </ItemGroup>
  <ItemGroup>
    <ResourceCompile Include="REI.rc">
      <Filter>Resource Files</Filter>
    </ResourceCompile>
  </ItemGroup>
  <ItemGroup>
    <Image Include="Icon.ico">
      <Filter>Resource Files</Filter>
    </Image>
  </ItemGroup>
</Project>